
Microsoft Visual Studio Solution File, Format Version 12.00
# Visual Studio Version 17
VisualStudioVersion = 17.8.34309.116
MinimumVisualStudioVersion = 10.0.40219.1
Project("{FAE04EC0-301F-11D3-BF4B-00C04F79EFBC}") = "web", "web\web.csproj", "{F87F4C7B-6DC5-4621-854E-C121A06C03FD}"
EndProject
Global
	GlobalSection(SolutionConfigurationPlatforms) = preSolution
		Debug|Any CPU = Debug|Any CPU
		Release|Any CPU = Release|Any CPU
	EndGlobalSection
	GlobalSection(ProjectConfigurationPlatforms) = postSolution
		{F87F4C7B-6DC5-4621-854E-C121A06C03FD}.Debug|Any CPU.ActiveCfg = Debug|Any CPU
		{F87F4C7B-6DC5-4621-854E-C121A06C03FD}.Debug|Any CPU.Build.0 = Debug|Any CPU
		{F87F4C7B-6DC5-4621-854E-C121A06C03FD}.Release|Any CPU.ActiveCfg = Release|Any CPU
		{F87F4C7B-6DC5-4621-854E-C121A06C03FD}.Release|Any CPU.Build.0 = Release|Any CPU
	EndGlobalSection
	GlobalSection(SolutionProperties) = preSolution
		HideSolutionNode = FALSE
	EndGlobalSection
	GlobalSection(ExtensibilityGlobals) = postSolution
		SolutionGuid = {EA44DF36-F88E-466A-BF5D-8A175512938F}
	EndGlobalSection
EndGlobal
